
Microsoft Visual Studio Solution File, Format Version 12.00
# Visual Studio Version 16
VisualStudioVersion = 25.0.1700.0
MinimumVisualStudioVersion = 10.0.40219.1
Project("{FAE04EC0-301F-11D3-BF4B-00C04F79EFBC}") = "ProjectMgmt", "ProjectMgmt\ProjectMgmt.csproj", "{02F158B2-3D4C-4D39-8D81-CBF29C9E4C21}"
EndProject
Project("{FAE04EC0-301F-11D3-BF4B-00C04F79EFBC}") = "TestProjectMgmt", "TestProjectMgmt\TestProjectMgmt.csproj", "{156E487F-280D-4D75-8487-03251443226B}"
EndProject
Global
	GlobalSection(SolutionConfigurationPlatforms) = preSolution
		Debug|Any CPU = Debug|Any CPU
		Release|Any CPU = Release|Any CPU
	EndGlobalSection
	GlobalSection(ProjectConfigurationPlatforms) = postSolution
		{02F158B2-3D4C-4D39-8D81-CBF29C9E4C21}.Debug|Any CPU.ActiveCfg = Debug|Any CPU
		{02F158B2-3D4C-4D39-8D81-CBF29C9E4C21}.Debug|Any CPU.Build.0 = Debug|Any CPU
		{02F158B2-3D4C-4D39-8D81-CBF29C9E4C21}.Release|Any CPU.ActiveCfg = Release|Any CPU
		{02F158B2-3D4C-4D39-8D81-CBF29C9E4C21}.Release|Any CPU.Build.0 = Release|Any CPU
		{156E487F-280D-4D75-8487-03251443226B}.Debug|Any CPU.ActiveCfg = Debug|Any CPU
		{156E487F-280D-4D75-8487-03251443226B}.Debug|Any CPU.Build.0 = Debug|Any CPU
		{156E487F-280D-4D75-8487-03251443226B}.Release|Any CPU.ActiveCfg = Release|Any CPU
		{156E487F-280D-4D75-8487-03251443226B}.Release|Any CPU.Build.0 = Release|Any CPU
	EndGlobalSection
	GlobalSection(SolutionProperties) = preSolution
		HideSolutionNode = FALSE
	EndGlobalSection
	GlobalSection(ExtensibilityGlobals) = postSolution
		SolutionGuid = {26BE4D7D-777F-433F-9DA2-95B7AB01CAC0}
	EndGlobalSection
EndGlobal
